
Microsoft Visual Studio Solution File, Format Version 12.00
# Visual Studio Version 16
VisualStudioVersion = 16.0.810.14
MinimumVisualStudioVersion = 10.0.40219.1
Project("{FAE04EC0-301F-11D3-BF4B-00C04F79EFBC}") = "Final_Project", "Final_Project\Final_Project.csproj", "{54C96536-D4BB-4B81-B20F-7D4A953FC562}"
EndProject
Global
	GlobalSection(SolutionConfigurationPlatforms) = preSolution
		Debug|anycpu = Debug|anycpu
		Release|anycpu = Release|anycpu
	EndGlobalSection
	GlobalSection(ProjectConfigurationPlatforms) = postSolution
		{54C96536-D4BB-4B81-B20F-7D4A953FC562}.Debug|anycpu.ActiveCfg = Debug|anycpu
		{54C96536-D4BB-4B81-B20F-7D4A953FC562}.Debug|anycpu.Build.0 = Debug|anycpu
		{54C96536-D4BB-4B81-B20F-7D4A953FC562}.Release|anycpu.ActiveCfg = Release|anycpu
		{54C96536-D4BB-4B81-B20F-7D4A953FC562}.Release|anycpu.Build.0 = Release|anycpu
	EndGlobalSection
	GlobalSection(SolutionProperties) = preSolution
		HideSolutionNode = FALSE
	EndGlobalSection
	GlobalSection(ExtensibilityGlobals) = postSolution
		SolutionGuid = {DAB2FC29-B904-43E1-8D20-A0239C116805}
	EndGlobalSection
EndGlobal
